
Microsoft Visual Studio Solution File, Format Version 12.00
# Visual Studio Version 16
VisualStudioVersion = 16.0.30225.117
MinimumVisualStudioVersion = 10.0.40219.1
Project("{FAE04EC0-301F-11D3-BF4B-00C04F79EFBC}") = "WindowsFormsApp17", "WindowsFormsApp17\WindowsFormsApp17.csproj", "{B04317A2-B8CB-4ECB-948E-C31667FC6531}"
EndProject
Global
	GlobalSection(SolutionConfigurationPlatforms) = preSolution
		Debug|Any CPU = Debug|Any CPU
		Release|Any CPU = Release|Any CPU
	EndGlobalSection
	GlobalSection(ProjectConfigurationPlatforms) = postSolution
		{B04317A2-B8CB-4ECB-948E-C31667FC6531}.Debug|Any CPU.ActiveCfg = Debug|Any CPU
		{B04317A2-B8CB-4ECB-948E-C31667FC6531}.Debug|Any CPU.Build.0 = Debug|Any CPU
		{B04317A2-B8CB-4ECB-948E-C31667FC6531}.Release|Any CPU.ActiveCfg = Release|Any CPU
		{B04317A2-B8CB-4ECB-948E-C31667FC6531}.Release|Any CPU.Build.0 = Release|Any CPU
	EndGlobalSection
	GlobalSection(SolutionProperties) = preSolution
		HideSolutionNode = FALSE
	EndGlobalSection
	GlobalSection(ExtensibilityGlobals) = postSolution
		SolutionGuid = {3DDBF427-DD1A-4923-B022-420FA486501A}
	EndGlobalSection
EndGlobal
